// !$*UTF8*$!
{
	archiveVersion = 1;
	classes = {
	};
	objectVersion = 60;
	objects = {

/* Begin PBXBuildFile section */
		300E582C2FE3293C00328220 /* Notification+Extensions.swift in Sources */ = {isa = PBXBuildFile; fileRef = 300E57E92FE3293C00328220 /* Notification+Extensions.swift */; };
		300E582D2FE3293C00328220 /* Achievement.swift in Sources */ = {isa = PBXBuildFile; fileRef = 300E57EB2FE3293C00328220 /* Achievement.swift */; };
		300E582E2FE3293C00328220 /* ActivityInfo.swift in Sources */ = {isa = PBXBuildFile; fileRef = 300E57EC2FE3293C00328220 /* ActivityInfo.swift */; };
		300E582F2FE3293C00328220 /* DailyChallenge.swift in Sources */ = {isa = PBXBuildFile; fileRef = 300E57ED2FE3293C00328220 /* DailyChallenge.swift */; };
		300E58302FE3293C00328220 /* GameDifficulty.swift in Sources */ = {isa = PBXBuildFile; fileRef = 300E57EE2FE3293C00328220 /* GameDifficulty.swift */; };
		300E58312FE3293C00328220 /* PathMapNode.swift in Sources */ = {isa = PBXBuildFile; fileRef = 300E57EF2FE3293C00328220 /* PathMapNode.swift */; };
		300E58322FE3293C00328220 /* RuneDefinition.swift in Sources */ = {isa = PBXBuildFile; fileRef = 300E57F02FE3293C00328220 /* RuneDefinition.swift */; };
		300E58332FE3293C00328220 /* AppLinks.swift in Sources */ = {isa = PBXBuildFile; fileRef = 300E57F22FE3293C00328220 /* AppLinks.swift */; };
		300E58342FE3293C00328220 /* BackgroundPatternView.swift in Sources */ = {isa = PBXBuildFile; fileRef = 300E57F32FE3293C00328220 /* BackgroundPatternView.swift */; };
		300E58352FE3293C00328220 /* DepthStyle.swift in Sources */ = {isa = PBXBuildFile; fileRef = 300E57F42FE3293C00328220 /* DepthStyle.swift */; };
		300E58362FE3293C00328220 /* DesignSystem.swift in Sources */ = {isa = PBXBuildFile; fileRef = 300E57F52FE3293C00328220 /* DesignSystem.swift */; };
		300E58372FE3293C00328220 /* HapticManager.swift in Sources */ = {isa = PBXBuildFile; fileRef = 300E57F62FE3293C00328220 /* HapticManager.swift */; };
		300E58382FE3293C00328220 /* RuneSymbolView.swift in Sources */ = {isa = PBXBuildFile; fileRef = 300E57F72FE3293C00328220 /* RuneSymbolView.swift */; };
		300E58392FE3293C00328220 /* SoundManager.swift in Sources */ = {isa = PBXBuildFile; fileRef = 300E57F82FE3293C00328220 /* SoundManager.swift */; };
		300E583A2FE3293C00328220 /* TabRouter.swift in Sources */ = {isa = PBXBuildFile; fileRef = 300E57F92FE3293C00328220 /* TabRouter.swift */; };
		300E583B2FE3293C00328220 /* AppStorage.swift in Sources */ = {isa = PBXBuildFile; fileRef = 300E57FB2FE3293C00328220 /* AppStorage.swift */; };
		300E583C2FE3293C00328220 /* AchievementsView.swift in Sources */ = {isa = PBXBuildFile; fileRef = 300E57FD2FE3293C00328220 /* AchievementsView.swift */; };
		300E583D2FE3293C00328220 /* RuneCodexView.swift in Sources */ = {isa = PBXBuildFile; fileRef = 300E57FF2FE3293C00328220 /* RuneCodexView.swift */; };
		300E583E2FE3293C00328220 /* RuneRhythmQuestView.swift in Sources */ = {isa = PBXBuildFile; fileRef = 300E58022FE3293C00328220 /* RuneRhythmQuestView.swift */; };
		300E583F2FE3293C00328220 /* RuneRhythmQuestViewModel.swift in Sources */ = {isa = PBXBuildFile; fileRef = 300E58032FE3293C00328220 /* RuneRhythmQuestViewModel.swift */; };
		300E58402FE3293C00328220 /* RuneRiverRunView.swift in Sources */ = {isa = PBXBuildFile; fileRef = 300E58052FE3293C00328220 /* RuneRiverRunView.swift */; };
		300E58412FE3293C00328220 /* RuneRiverRunViewModel.swift in Sources */ = {isa = PBXBuildFile; fileRef = 300E58062FE3293C00328220 /* RuneRiverRunViewModel.swift */; };
		300E58422FE3293C00328220 /* RuneTrailView.swift in Sources */ = {isa = PBXBuildFile; fileRef = 300E58082FE3293C00328220 /* RuneTrailView.swift */; };
		300E58432FE3293C00328220 /* RuneTrailViewModel.swift in Sources */ = {isa = PBXBuildFile; fileRef = 300E58092FE3293C00328220 /* RuneTrailViewModel.swift */; };
		300E58442FE3293C00328220 /* GameResultView.swift in Sources */ = {isa = PBXBuildFile; fileRef = 300E580B2FE3293C00328220 /* GameResultView.swift */; };
		300E58452FE3293C00328220 /* GameUIComponents.swift in Sources */ = {isa = PBXBuildFile; fileRef = 300E580C2FE3293C00328220 /* GameUIComponents.swift */; };
		300E58462FE3293C00328220 /* GameViewFactory.swift in Sources */ = {isa = PBXBuildFile; fileRef = 300E580D2FE3293C00328220 /* GameViewFactory.swift */; };
		300E58472FE3293C00328220 /* HomeView.swift in Sources */ = {isa = PBXBuildFile; fileRef = 300E58102FE3293C00328220 /* HomeView.swift */; };
		300E58482FE3293C00328220 /* MainTabView.swift in Sources */ = {isa = PBXBuildFile; fileRef = 300E58122FE3293C00328220 /* MainTabView.swift */; };
		300E58492FE3293C00328220 /* OnboardingView.swift in Sources */ = {isa = PBXBuildFile; fileRef = 300E58142FE3293C00328220 /* OnboardingView.swift */; };
		300E584A2FE3293C00328220 /* PathMapView.swift in Sources */ = {isa = PBXBuildFile; fileRef = 300E58162FE3293C00328220 /* PathMapView.swift */; };
		300E584B2FE3293C00328220 /* LevelSelectionView.swift in Sources */ = {isa = PBXBuildFile; fileRef = 300E58182FE3293C00328220 /* LevelSelectionView.swift */; };
		300E584C2FE3293C00328220 /* PlayView.swift in Sources */ = {isa = PBXBuildFile; fileRef = 300E58192FE3293C00328220 /* PlayView.swift */; };
		300E584D2FE3293C00328220 /* PrivacyPolicyView.swift in Sources */ = {isa = PBXBuildFile; fileRef = 300E581B2FE3293C00328220 /* PrivacyPolicyView.swift */; };
		300E584E2FE3293C00328220 /* SettingsView.swift in Sources */ = {isa = PBXBuildFile; fileRef = 300E581C2FE3293C00328220 /* SettingsView.swift */; };
		300E584F2FE3293C00328220 /* AppDelegate.swift in Sources */ = {isa = PBXBuildFile; fileRef = 300E58212FE3293C00328220 /* AppDelegate.swift */; };
		300E58502FE3293C00328220 /* ContentView.swift in Sources */ = {isa = PBXBuildFile; fileRef = 300E58232FE3293C00328220 /* ContentView.swift */; };
		300E58512FE3293C00328220 /* SceneDelegate.swift in Sources */ = {isa = PBXBuildFile; fileRef = 300E58292FE3293C00328220 /* SceneDelegate.swift */; };
		300E58522FE3293C00328220 /* ViewController.swift in Sources */ = {isa = PBXBuildFile; fileRef = 300E582A2FE3293C00328220 /* ViewController.swift */; };
		300E58532FE3293C00328220 /* privacy_policy.md in Resources */ = {isa = PBXBuildFile; fileRef = 300E581F2FE3293C00328220 /* privacy_policy.md */; };
		300E58542FE3293C00328220 /* Assets.xcassets in Resources */ = {isa = PBXBuildFile; fileRef = 300E58222FE3293C00328220 /* Assets.xcassets */; };
		300E58562FE3293C00328220 /* LaunchScreen.storyboard in Resources */ = {isa = PBXBuildFile; fileRef = 300E58262FE3293C00328220 /* LaunchScreen.storyboard */; };
		300E58572FE3293C00328220 /* Main.storyboard in Resources */ = {isa = PBXBuildFile; fileRef = 300E58282FE3293C00328220 /* Main.storyboard */; };
		30C9493D2FEE613E007129A4 /* NotificationServiceExtension.appex in Embed Foundation Extensions */ = {isa = PBXBuildFile; fileRef = 30C949362FEE613E007129A4 /* NotificationServiceExtension.appex */; settings = {ATTRIBUTES = (RemoveHeadersOnCopy, ); }; };
		30C949452FEE6184007129A4 /* AppsFlyerLib-Static in Frameworks */ = {isa = PBXBuildFile; productRef = 30C949442FEE6184007129A4 /* AppsFlyerLib-Static */; };
		30C949482FEE61B7007129A4 /* FirebaseMessaging in Frameworks */ = {isa = PBXBuildFile; productRef = 30C949472FEE61B7007129A4 /* FirebaseMessaging */; };
		30C9494A2FEE61C0007129A4 /* FirebaseMessaging in Frameworks */ = {isa = PBXBuildFile; productRef = 30C949492FEE61C0007129A4 /* FirebaseMessaging */; };
		30C949592FEE61CA007129A4 /* NetworkAvailability.swift in Sources */ = {isa = PBXBuildFile; fileRef = 30C949502FEE61CA007129A4 /* NetworkAvailability.swift */; };
		30C9495A2FEE61CA007129A4 /* AppsFlyerManager.swift in Sources */ = {isa = PBXBuildFile; fileRef = 30C9494B2FEE61CA007129A4 /* AppsFlyerManager.swift */; };
		30C9495B2FEE61CA007129A4 /* LoadingManager.swift in Sources */ = {isa = PBXBuildFile; fileRef = 30C9494D2FEE61CA007129A4 /* LoadingManager.swift */; };
		30C9495C2FEE61CA007129A4 /* NotificationPermissionView.swift in Sources */ = {isa = PBXBuildFile; fileRef = 30C949532FEE61CA007129A4 /* NotificationPermissionView.swift */; };
		30C9495D2FEE61CA007129A4 /* LoadingViewController.swift in Sources */ = {isa = PBXBuildFile; fileRef = 30C9494F2FEE61CA007129A4 /* LoadingViewController.swift */; };
		30C9495E2FEE61CA007129A4 /* NotificationPermissionManager.swift in Sources */ = {isa = PBXBuildFile; fileRef = 30C949522FEE61CA007129A4 /* NotificationPermissionManager.swift */; };
		30C9495F2FEE61CA007129A4 /* NotificationPermissionViewController.swift in Sources */ = {isa = PBXBuildFile; fileRef = 30C949542FEE61CA007129A4 /* NotificationPermissionViewController.swift */; };
		30C949602FEE61CA007129A4 /* WebviewVC.swift in Sources */ = {isa = PBXBuildFile; fileRef = 30C949572FEE61CA007129A4 /* WebviewVC.swift */; };
		30C949612FEE61CA007129A4 /* PushNotificationURLRouter.swift in Sources */ = {isa = PBXBuildFile; fileRef = 30C949552FEE61CA007129A4 /* PushNotificationURLRouter.swift */; };
		30C949622FEE61CA007129A4 /* NoInternetView.swift in Sources */ = {isa = PBXBuildFile; fileRef = 30C949512FEE61CA007129A4 /* NoInternetView.swift */; };
		30C949632FEE61CA007129A4 /* UserAgentBuilder.swift in Sources */ = {isa = PBXBuildFile; fileRef = 30C949562FEE61CA007129A4 /* UserAgentBuilder.swift */; };
		30C949642FEE61CA007129A4 /* LoadingView.swift in Sources */ = {isa = PBXBuildFile; fileRef = 30C9494E2FEE61CA007129A4 /* LoadingView.swift */; };
		30C949652FEE61CA007129A4 /* ConfigManager.swift in Sources */ = {isa = PBXBuildFile; fileRef = 30C9494C2FEE61CA007129A4 /* ConfigManager.swift */; };
		30C9496B2FEE61FD007129A4 /* NotificationService.swift in Sources */ = {isa = PBXBuildFile; fileRef = 30C949682FEE61FD007129A4 /* NotificationService.swift */; };
		30C9496D2FEE629A007129A4 /* GoogleService-Info.plist in Resources */ = {isa = PBXBuildFile; fileRef = 30C9496C2FEE629A007129A4 /* GoogleService-Info.plist */; };
/* End PBXBuildFile section */

/* Begin PBXContainerItemProxy section */
		30C9493B2FEE613E007129A4 /* PBXContainerItemProxy */ = {
			isa = PBXContainerItemProxy;
			containerPortal = 300E554F2FE2CAA600328220 /* Project object */;
			proxyType = 1;
			remoteGlobalIDString = 30C949352FEE613E007129A4;
			remoteInfo = NotificationServiceExtension;
		};
/* End PBXContainerItemProxy section */

/* Begin PBXCopyFilesBuildPhase section */
		30C949422FEE613E007129A4 /* Embed Foundation Extensions */ = {
			isa = PBXCopyFilesBuildPhase;
			buildActionMask = 2147483647;
			dstPath = "";
			dstSubfolderSpec = 13;
			files = (
				30C9493D2FEE613E007129A4 /* NotificationServiceExtension.appex in Embed Foundation Extensions */,
			);
			name = "Embed Foundation Extensions";
			runOnlyForDeploymentPostprocessing = 0;
		};
/* End PBXCopyFilesBuildPhase section */

/* Begin PBXFileReference section */
		300E55572FE2CAA600328220 /* 226WillowsPoint.app */ = {isa = PBXFileReference; explicitFileType = wrapper.application; includeInIndex = 0; path = 226WillowsPoint.app; sourceTree = BUILT_PRODUCTS_DIR; };
		300E57E92FE3293C00328220 /* Notification+Extensions.swift */ = {isa = PBXFileReference; lastKnownFileType = sourcecode.swift; path = "Notification+Extensions.swift"; sourceTree = "<group>"; };
		300E57EB2FE3293C00328220 /* Achievement.swift */ = {isa = PBXFileReference; lastKnownFileType = sourcecode.swift; path = Achievement.swift; sourceTree = "<group>"; };
		300E57EC2FE3293C00328220 /* ActivityInfo.swift */ = {isa = PBXFileReference; lastKnownFileType = sourcecode.swift; path = ActivityInfo.swift; sourceTree = "<group>"; };
		300E57ED2FE3293C00328220 /* DailyChallenge.swift */ = {isa = PBXFileReference; lastKnownFileType = sourcecode.swift; path = DailyChallenge.swift; sourceTree = "<group>"; };
		300E57EE2FE3293C00328220 /* GameDifficulty.swift */ = {isa = PBXFileReference; lastKnownFileType = sourcecode.swift; path = GameDifficulty.swift; sourceTree = "<group>"; };
		300E57EF2FE3293C00328220 /* PathMapNode.swift */ = {isa = PBXFileReference; lastKnownFileType = sourcecode.swift; path = PathMapNode.swift; sourceTree = "<group>"; };
		300E57F02FE3293C00328220 /* RuneDefinition.swift */ = {isa = PBXFileReference; lastKnownFileType = sourcecode.swift; path = RuneDefinition.swift; sourceTree = "<group>"; };
		300E57F22FE3293C00328220 /* AppLinks.swift */ = {isa = PBXFileReference; lastKnownFileType = sourcecode.swift; path = AppLinks.swift; sourceTree = "<group>"; };
		300E57F32FE3293C00328220 /* BackgroundPatternView.swift */ = {isa = PBXFileReference; lastKnownFileType = sourcecode.swift; path = BackgroundPatternView.swift; sourceTree = "<group>"; };
		300E57F42FE3293C00328220 /* DepthStyle.swift */ = {isa = PBXFileReference; lastKnownFileType = sourcecode.swift; path = DepthStyle.swift; sourceTree = "<group>"; };
		300E57F52FE3293C00328220 /* DesignSystem.swift */ = {isa = PBXFileReference; lastKnownFileType = sourcecode.swift; path = DesignSystem.swift; sourceTree = "<group>"; };
		300E57F62FE3293C00328220 /* HapticManager.swift */ = {isa = PBXFileReference; lastKnownFileType = sourcecode.swift; path = HapticManager.swift; sourceTree = "<group>"; };
		300E57F72FE3293C00328220 /* RuneSymbolView.swift */ = {isa = PBXFileReference; lastKnownFileType = sourcecode.swift; path = RuneSymbolView.swift; sourceTree = "<group>"; };
		300E57F82FE3293C00328220 /* SoundManager.swift */ = {isa = PBXFileReference; lastKnownFileType = sourcecode.swift; path = SoundManager.swift; sourceTree = "<group>"; };
		300E57F92FE3293C00328220 /* TabRouter.swift */ = {isa = PBXFileReference; lastKnownFileType = sourcecode.swift; path = TabRouter.swift; sourceTree = "<group>"; };
		300E57FB2FE3293C00328220 /* AppStorage.swift */ = {isa = PBXFileReference; lastKnownFileType = sourcecode.swift; path = AppStorage.swift; sourceTree = "<group>"; };
		300E57FD2FE3293C00328220 /* AchievementsView.swift */ = {isa = PBXFileReference; lastKnownFileType = sourcecode.swift; path = AchievementsView.swift; sourceTree = "<group>"; };
		300E57FF2FE3293C00328220 /* RuneCodexView.swift */ = {isa = PBXFileReference; lastKnownFileType = sourcecode.swift; path = RuneCodexView.swift; sourceTree = "<group>"; };
		300E58022FE3293C00328220 /* RuneRhythmQuestView.swift */ = {isa = PBXFileReference; lastKnownFileType = sourcecode.swift; path = RuneRhythmQuestView.swift; sourceTree = "<group>"; };
		300E58032FE3293C00328220 /* RuneRhythmQuestViewModel.swift */ = {isa = PBXFileReference; lastKnownFileType = sourcecode.swift; path = RuneRhythmQuestViewModel.swift; sourceTree = "<group>"; };
		300E58052FE3293C00328220 /* RuneRiverRunView.swift */ = {isa = PBXFileReference; lastKnownFileType = sourcecode.swift; path = RuneRiverRunView.swift; sourceTree = "<group>"; };
		300E58062FE3293C00328220 /* RuneRiverRunViewModel.swift */ = {isa = PBXFileReference; lastKnownFileType = sourcecode.swift; path = RuneRiverRunViewModel.swift; sourceTree = "<group>"; };
		300E58082FE3293C00328220 /* RuneTrailView.swift */ = {isa = PBXFileReference; lastKnownFileType = sourcecode.swift; path = RuneTrailView.swift; sourceTree = "<group>"; };
		300E58092FE3293C00328220 /* RuneTrailViewModel.swift */ = {isa = PBXFileReference; lastKnownFileType = sourcecode.swift; path = RuneTrailViewModel.swift; sourceTree = "<group>"; };
		300E580B2FE3293C00328220 /* GameResultView.swift */ = {isa = PBXFileReference; lastKnownFileType = sourcecode.swift; path = GameResultView.swift; sourceTree = "<group>"; };
		300E580C2FE3293C00328220 /* GameUIComponents.swift */ = {isa = PBXFileReference; lastKnownFileType = sourcecode.swift; path = GameUIComponents.swift; sourceTree = "<group>"; };
		300E580D2FE3293C00328220 /* GameViewFactory.swift */ = {isa = PBXFileReference; lastKnownFileType = sourcecode.swift; path = GameViewFactory.swift; sourceTree = "<group>"; };
		300E58102FE3293C00328220 /* HomeView.swift */ = {isa = PBXFileReference; lastKnownFileType = sourcecode.swift; path = HomeView.swift; sourceTree = "<group>"; };
		300E58122FE3293C00328220 /* MainTabView.swift */ = {isa = PBXFileReference; lastKnownFileType = sourcecode.swift; path = MainTabView.swift; sourceTree = "<group>"; };
		300E58142FE3293C00328220 /* OnboardingView.swift */ = {isa = PBXFileReference; lastKnownFileType = sourcecode.swift; path = OnboardingView.swift; sourceTree = "<group>"; };
		300E58162FE3293C00328220 /* PathMapView.swift */ = {isa = PBXFileReference; lastKnownFileType = sourcecode.swift; path = PathMapView.swift; sourceTree = "<group>"; };
		300E58182FE3293C00328220 /* LevelSelectionView.swift */ = {isa = PBXFileReference; lastKnownFileType = sourcecode.swift; path = LevelSelectionView.swift; sourceTree = "<group>"; };
		300E58192FE3293C00328220 /* PlayView.swift */ = {isa = PBXFileReference; lastKnownFileType = sourcecode.swift; path = PlayView.swift; sourceTree = "<group>"; };
		300E581B2FE3293C00328220 /* PrivacyPolicyView.swift */ = {isa = PBXFileReference; lastKnownFileType = sourcecode.swift; path = PrivacyPolicyView.swift; sourceTree = "<group>"; };
		300E581C2FE3293C00328220 /* SettingsView.swift */ = {isa = PBXFileReference; lastKnownFileType = sourcecode.swift; path = SettingsView.swift; sourceTree = "<group>"; };
		300E581F2FE3293C00328220 /* privacy_policy.md */ = {isa = PBXFileReference; lastKnownFileType = net.daringfireball.markdown; path = privacy_policy.md; sourceTree = "<group>"; };
		300E58212FE3293C00328220 /* AppDelegate.swift */ = {isa = PBXFileReference; lastKnownFileType = sourcecode.swift; path = AppDelegate.swift; sourceTree = "<group>"; };
		300E58222FE3293C00328220 /* Assets.xcassets */ = {isa = PBXFileReference; lastKnownFileType = folder.assetcatalog; path = Assets.xcassets; sourceTree = "<group>"; };
		300E58232FE3293C00328220 /* ContentView.swift */ = {isa = PBXFileReference; lastKnownFileType = sourcecode.swift; path = ContentView.swift; sourceTree = "<group>"; };
		300E58242FE3293C00328220 /* Info.plist */ = {isa = PBXFileReference; lastKnownFileType = text.plist.xml; path = Info.plist; sourceTree = "<group>"; };
		300E58252FE3293C00328220 /* Base */ = {isa = PBXFileReference; lastKnownFileType = file.storyboard; name = Base; path = Base.lproj/LaunchScreen.storyboard; sourceTree = "<group>"; };
		300E58272FE3293C00328220 /* Base */ = {isa = PBXFileReference; lastKnownFileType = file.storyboard; name = Base; path = Base.lproj/Main.storyboard; sourceTree = "<group>"; };
		300E58292FE3293C00328220 /* SceneDelegate.swift */ = {isa = PBXFileReference; lastKnownFileType = sourcecode.swift; path = SceneDelegate.swift; sourceTree = "<group>"; };
		300E582A2FE3293C00328220 /* ViewController.swift */ = {isa = PBXFileReference; lastKnownFileType = sourcecode.swift; path = ViewController.swift; sourceTree = "<group>"; };
		30C949362FEE613E007129A4 /* NotificationServiceExtension.appex */ = {isa = PBXFileReference; explicitFileType = "wrapper.app-extension"; includeInIndex = 0; path = NotificationServiceExtension.appex; sourceTree = BUILT_PRODUCTS_DIR; };
		30C9494B2FEE61CA007129A4 /* AppsFlyerManager.swift */ = {isa = PBXFileReference; lastKnownFileType = sourcecode.swift; path = AppsFlyerManager.swift; sourceTree = "<group>"; };
		30C9494C2FEE61CA007129A4 /* ConfigManager.swift */ = {isa = PBXFileReference; lastKnownFileType = sourcecode.swift; path = ConfigManager.swift; sourceTree = "<group>"; };
		30C9494D2FEE61CA007129A4 /* LoadingManager.swift */ = {isa = PBXFileReference; lastKnownFileType = sourcecode.swift; path = LoadingManager.swift; sourceTree = "<group>"; };
		30C9494E2FEE61CA007129A4 /* LoadingView.swift */ = {isa = PBXFileReference; lastKnownFileType = sourcecode.swift; path = LoadingView.swift; sourceTree = "<group>"; };
		30C9494F2FEE61CA007129A4 /* LoadingViewController.swift */ = {isa = PBXFileReference; lastKnownFileType = sourcecode.swift; path = LoadingViewController.swift; sourceTree = "<group>"; };
		30C949502FEE61CA007129A4 /* NetworkAvailability.swift */ = {isa = PBXFileReference; lastKnownFileType = sourcecode.swift; path = NetworkAvailability.swift; sourceTree = "<group>"; };
		30C949512FEE61CA007129A4 /* NoInternetView.swift */ = {isa = PBXFileReference; lastKnownFileType = sourcecode.swift; path = NoInternetView.swift; sourceTree = "<group>"; };
		30C949522FEE61CA007129A4 /* NotificationPermissionManager.swift */ = {isa = PBXFileReference; lastKnownFileType = sourcecode.swift; path = NotificationPermissionManager.swift; sourceTree = "<group>"; };
		30C949532FEE61CA007129A4 /* NotificationPermissionView.swift */ = {isa = PBXFileReference; lastKnownFileType = sourcecode.swift; path = NotificationPermissionView.swift; sourceTree = "<group>"; };
		30C949542FEE61CA007129A4 /* NotificationPermissionViewController.swift */ = {isa = PBXFileReference; lastKnownFileType = sourcecode.swift; path = NotificationPermissionViewController.swift; sourceTree = "<group>"; };
		30C949552FEE61CA007129A4 /* PushNotificationURLRouter.swift */ = {isa = PBXFileReference; lastKnownFileType = sourcecode.swift; path = PushNotificationURLRouter.swift; sourceTree = "<group>"; };
		30C949562FEE61CA007129A4 /* UserAgentBuilder.swift */ = {isa = PBXFileReference; lastKnownFileType = sourcecode.swift; path = UserAgentBuilder.swift; sourceTree = "<group>"; };
		30C949572FEE61CA007129A4 /* WebviewVC.swift */ = {isa = PBXFileReference; lastKnownFileType = sourcecode.swift; path = WebviewVC.swift; sourceTree = "<group>"; };
		30C949662FEE61F9007129A4 /* 226WillowsPoint.entitlements */ = {isa = PBXFileReference; lastKnownFileType = text.plist.entitlements; path = 226WillowsPoint.entitlements; sourceTree = "<group>"; };
		30C949672FEE61FD007129A4 /* Info.plist */ = {isa = PBXFileReference; lastKnownFileType = text.plist.xml; path = Info.plist; sourceTree = "<group>"; };
		30C949682FEE61FD007129A4 /* NotificationService.swift */ = {isa = PBXFileReference; lastKnownFileType = sourcecode.swift; path = NotificationService.swift; sourceTree = "<group>"; };
		30C9496C2FEE629A007129A4 /* GoogleService-Info.plist */ = {isa = PBXFileReference; lastKnownFileType = text.plist.xml; path = "GoogleService-Info.plist"; sourceTree = "<group>"; };
		98F860BDC88CDE7DA52358A7 /* Pods-226WillowsPoint.debug.xcconfig */ = {isa = PBXFileReference; includeInIndex = 1; lastKnownFileType = text.xcconfig; name = "Pods-226WillowsPoint.debug.xcconfig"; path = "Target Support Files/Pods-226WillowsPoint/Pods-226WillowsPoint.debug.xcconfig"; sourceTree = "<group>"; };
		B441AF024D9C1248F9897DDC /* Pods_226WillowsPoint.framework */ = {isa = PBXFileReference; explicitFileType = wrapper.framework; includeInIndex = 0; path = Pods_226WillowsPoint.framework; sourceTree = BUILT_PRODUCTS_DIR; };
		DCB64FFA5BDF5C2398BD12DB /* Pods-226WillowsPoint.release.xcconfig */ = {isa = PBXFileReference; includeInIndex = 1; lastKnownFileType = text.xcconfig; name = "Pods-226WillowsPoint.release.xcconfig"; path = "Target Support Files/Pods-226WillowsPoint/Pods-226WillowsPoint.release.xcconfig"; sourceTree = "<group>"; };
/* End PBXFileReference section */

/* Begin PBXFrameworksBuildPhase section */
		300E55542FE2CAA600328220 /* Frameworks */ = {
			isa = PBXFrameworksBuildPhase;
			buildActionMask = 2147483647;
			files = (
				30C949482FEE61B7007129A4 /* FirebaseMessaging in Frameworks */,
				30C949452FEE6184007129A4 /* AppsFlyerLib-Static in Frameworks */,
			);
			runOnlyForDeploymentPostprocessing = 0;
		};
		30C949332FEE613E007129A4 /* Frameworks */ = {
			isa = PBXFrameworksBuildPhase;
			buildActionMask = 2147483647;
			files = (
				30C9494A2FEE61C0007129A4 /* FirebaseMessaging in Frameworks */,
			);
			runOnlyForDeploymentPostprocessing = 0;
		};
/* End PBXFrameworksBuildPhase section */

/* Begin PBXGroup section */
		300E554E2FE2CAA600328220 = {
			isa = PBXGroup;
			children = (
				300E582B2FE3293C00328220 /* 226WillowsPoint */,
				30C949692FEE61FD007129A4 /* NotificationServiceExtension */,
				300E55582FE2CAA600328220 /* Products */,
				BBA4C1ABE892C45DF1B46F86 /* Pods */,
				90F72A6F72A59A3E83F171A6 /* Frameworks */,
			);
			sourceTree = "<group>";
		};
		300E55582FE2CAA600328220 /* Products */ = {
			isa = PBXGroup;
			children = (
				300E55572FE2CAA600328220 /* 226WillowsPoint.app */,
				30C949362FEE613E007129A4 /* NotificationServiceExtension.appex */,
			);
			name = Products;
			sourceTree = "<group>";
		};
		300E57EA2FE3293C00328220 /* Extensions */ = {
			isa = PBXGroup;
			children = (
				300E57E92FE3293C00328220 /* Notification+Extensions.swift */,
			);
			path = Extensions;
			sourceTree = "<group>";
		};
		300E57F12FE3293C00328220 /* Models */ = {
			isa = PBXGroup;
			children = (
				300E57EB2FE3293C00328220 /* Achievement.swift */,
				300E57EC2FE3293C00328220 /* ActivityInfo.swift */,
				300E57ED2FE3293C00328220 /* DailyChallenge.swift */,
				300E57EE2FE3293C00328220 /* GameDifficulty.swift */,
				300E57EF2FE3293C00328220 /* PathMapNode.swift */,
				300E57F02FE3293C00328220 /* RuneDefinition.swift */,
			);
			path = Models;
			sourceTree = "<group>";
		};
		300E57FA2FE3293C00328220 /* Utilities */ = {
			isa = PBXGroup;
			children = (
				300E57F22FE3293C00328220 /* AppLinks.swift */,
				300E57F32FE3293C00328220 /* BackgroundPatternView.swift */,
				300E57F42FE3293C00328220 /* DepthStyle.swift */,
				300E57F52FE3293C00328220 /* DesignSystem.swift */,
				300E57F62FE3293C00328220 /* HapticManager.swift */,
				300E57F72FE3293C00328220 /* RuneSymbolView.swift */,
				300E57F82FE3293C00328220 /* SoundManager.swift */,
				300E57F92FE3293C00328220 /* TabRouter.swift */,
			);
			path = Utilities;
			sourceTree = "<group>";
		};
		300E57FC2FE3293C00328220 /* Core */ = {
			isa = PBXGroup;
			children = (
				300E57EA2FE3293C00328220 /* Extensions */,
				300E57F12FE3293C00328220 /* Models */,
				300E57FA2FE3293C00328220 /* Utilities */,
				300E57FB2FE3293C00328220 /* AppStorage.swift */,
			);
			path = Core;
			sourceTree = "<group>";
		};
		300E57FE2FE3293C00328220 /* Achievements */ = {
			isa = PBXGroup;
			children = (
				300E57FD2FE3293C00328220 /* AchievementsView.swift */,
			);
			path = Achievements;
			sourceTree = "<group>";
		};
		300E58002FE3293C00328220 /* Codex */ = {
			isa = PBXGroup;
			children = (
				300E57FF2FE3293C00328220 /* RuneCodexView.swift */,
			);
			path = Codex;
			sourceTree = "<group>";
		};
		300E58012FE3293C00328220 /* DailyChallenge */ = {
			isa = PBXGroup;
			children = (
			);
			path = DailyChallenge;
			sourceTree = "<group>";
		};
		300E58042FE3293C00328220 /* RuneRhythmQuest */ = {
			isa = PBXGroup;
			children = (
				300E58022FE3293C00328220 /* RuneRhythmQuestView.swift */,
				300E58032FE3293C00328220 /* RuneRhythmQuestViewModel.swift */,
			);
			path = RuneRhythmQuest;
			sourceTree = "<group>";
		};
		300E58072FE3293C00328220 /* RuneRiverRun */ = {
			isa = PBXGroup;
			children = (
				300E58052FE3293C00328220 /* RuneRiverRunView.swift */,
				300E58062FE3293C00328220 /* RuneRiverRunViewModel.swift */,
			);
			path = RuneRiverRun;
			sourceTree = "<group>";
		};
		300E580A2FE3293C00328220 /* RuneTrail */ = {
			isa = PBXGroup;
			children = (
				300E58082FE3293C00328220 /* RuneTrailView.swift */,
				300E58092FE3293C00328220 /* RuneTrailViewModel.swift */,
			);
			path = RuneTrail;
			sourceTree = "<group>";
		};
		300E580E2FE3293C00328220 /* Shared */ = {
			isa = PBXGroup;
			children = (
				300E580B2FE3293C00328220 /* GameResultView.swift */,
				300E580C2FE3293C00328220 /* GameUIComponents.swift */,
				300E580D2FE3293C00328220 /* GameViewFactory.swift */,
			);
			path = Shared;
			sourceTree = "<group>";
		};
		300E580F2FE3293C00328220 /* Games */ = {
			isa = PBXGroup;
			children = (
				300E58042FE3293C00328220 /* RuneRhythmQuest */,
				300E58072FE3293C00328220 /* RuneRiverRun */,
				300E580A2FE3293C00328220 /* RuneTrail */,
				300E580E2FE3293C00328220 /* Shared */,
			);
			path = Games;
			sourceTree = "<group>";
		};
		300E58112FE3293C00328220 /* Home */ = {
			isa = PBXGroup;
			children = (
				300E58102FE3293C00328220 /* HomeView.swift */,
			);
			path = Home;
			sourceTree = "<group>";
		};
		300E58132FE3293C00328220 /* Main */ = {
			isa = PBXGroup;
			children = (
				300E58122FE3293C00328220 /* MainTabView.swift */,
			);
			path = Main;
			sourceTree = "<group>";
		};
		300E58152FE3293C00328220 /* Onboarding */ = {
			isa = PBXGroup;
			children = (
				300E58142FE3293C00328220 /* OnboardingView.swift */,
			);
			path = Onboarding;
			sourceTree = "<group>";
		};
		300E58172FE3293C00328220 /* PathMap */ = {
			isa = PBXGroup;
			children = (
				300E58162FE3293C00328220 /* PathMapView.swift */,
			);
			path = PathMap;
			sourceTree = "<group>";
		};
		300E581A2FE3293C00328220 /* Play */ = {
			isa = PBXGroup;
			children = (
				300E58182FE3293C00328220 /* LevelSelectionView.swift */,
				300E58192FE3293C00328220 /* PlayView.swift */,
			);
			path = Play;
			sourceTree = "<group>";
		};
		300E581D2FE3293C00328220 /* Settings */ = {
			isa = PBXGroup;
			children = (
				300E581B2FE3293C00328220 /* PrivacyPolicyView.swift */,
				300E581C2FE3293C00328220 /* SettingsView.swift */,
			);
			path = Settings;
			sourceTree = "<group>";
		};
		300E581E2FE3293C00328220 /* Features */ = {
			isa = PBXGroup;
			children = (
				300E57FE2FE3293C00328220 /* Achievements */,
				300E58002FE3293C00328220 /* Codex */,
				300E58012FE3293C00328220 /* DailyChallenge */,
				300E580F2FE3293C00328220 /* Games */,
				300E58112FE3293C00328220 /* Home */,
				300E58132FE3293C00328220 /* Main */,
				300E58152FE3293C00328220 /* Onboarding */,
				300E58172FE3293C00328220 /* PathMap */,
				300E581A2FE3293C00328220 /* Play */,
				300E581D2FE3293C00328220 /* Settings */,
			);
			path = Features;
			sourceTree = "<group>";
		};
		300E58202FE3293C00328220 /* Resources */ = {
			isa = PBXGroup;
			children = (
				300E581F2FE3293C00328220 /* privacy_policy.md */,
			);
			path = Resources;
			sourceTree = "<group>";
		};
		300E582B2FE3293C00328220 /* 226WillowsPoint */ = {
			isa = PBXGroup;
			children = (
				30C949662FEE61F9007129A4 /* 226WillowsPoint.entitlements */,
				300E57FC2FE3293C00328220 /* Core */,
				300E581E2FE3293C00328220 /* Features */,
				300E58202FE3293C00328220 /* Resources */,
				300E58212FE3293C00328220 /* AppDelegate.swift */,
				300E58222FE3293C00328220 /* Assets.xcassets */,
				300E58232FE3293C00328220 /* ContentView.swift */,
				300E58242FE3293C00328220 /* Info.plist */,
				300E58262FE3293C00328220 /* LaunchScreen.storyboard */,
				300E58282FE3293C00328220 /* Main.storyboard */,
				300E58292FE3293C00328220 /* SceneDelegate.swift */,
				300E582A2FE3293C00328220 /* ViewController.swift */,
				30C949582FEE61CA007129A4 /* Loading */,
				30C9496C2FEE629A007129A4 /* GoogleService-Info.plist */,
			);
			path = 226WillowsPoint;
			sourceTree = "<group>";
		};
		30C949582FEE61CA007129A4 /* Loading */ = {
			isa = PBXGroup;
			children = (
				30C9494B2FEE61CA007129A4 /* AppsFlyerManager.swift */,
				30C9494C2FEE61CA007129A4 /* ConfigManager.swift */,
				30C9494D2FEE61CA007129A4 /* LoadingManager.swift */,
				30C9494E2FEE61CA007129A4 /* LoadingView.swift */,
				30C9494F2FEE61CA007129A4 /* LoadingViewController.swift */,
				30C949502FEE61CA007129A4 /* NetworkAvailability.swift */,
				30C949512FEE61CA007129A4 /* NoInternetView.swift */,
				30C949522FEE61CA007129A4 /* NotificationPermissionManager.swift */,
				30C949532FEE61CA007129A4 /* NotificationPermissionView.swift */,
				30C949542FEE61CA007129A4 /* NotificationPermissionViewController.swift */,
				30C949552FEE61CA007129A4 /* PushNotificationURLRouter.swift */,
				30C949562FEE61CA007129A4 /* UserAgentBuilder.swift */,
				30C949572FEE61CA007129A4 /* WebviewVC.swift */,
			);
			path = Loading;
			sourceTree = "<group>";
		};
		30C949692FEE61FD007129A4 /* NotificationServiceExtension */ = {
			isa = PBXGroup;
			children = (
				30C949672FEE61FD007129A4 /* Info.plist */,
				30C949682FEE61FD007129A4 /* NotificationService.swift */,
			);
			path = NotificationServiceExtension;
			sourceTree = "<group>";
		};
		90F72A6F72A59A3E83F171A6 /* Frameworks */ = {
			isa = PBXGroup;
			children = (
				B441AF024D9C1248F9897DDC /* Pods_226WillowsPoint.framework */,
			);
			name = Frameworks;
			sourceTree = "<group>";
		};
		BBA4C1ABE892C45DF1B46F86 /* Pods */ = {
			isa = PBXGroup;
			children = (
				98F860BDC88CDE7DA52358A7 /* Pods-226WillowsPoint.debug.xcconfig */,
				DCB64FFA5BDF5C2398BD12DB /* Pods-226WillowsPoint.release.xcconfig */,
			);
			path = Pods;
			sourceTree = "<group>";
		};
/* End PBXGroup section */

/* Begin PBXNativeTarget section */
		300E55562FE2CAA600328220 /* 226WillowsPoint */ = {
			isa = PBXNativeTarget;
			buildConfigurationList = 300E556A2FE2CAA900328220 /* Build configuration list for PBXNativeTarget "226WillowsPoint" */;
			buildPhases = (
				D85C954E18B0A4FF5DE0DD6B /* [CP] Check Pods Manifest.lock */,
				300E55532FE2CAA600328220 /* Sources */,
				300E55542FE2CAA600328220 /* Frameworks */,
				300E55552FE2CAA600328220 /* Resources */,
				30C949422FEE613E007129A4 /* Embed Foundation Extensions */,
			);
			buildRules = (
			);
			dependencies = (
				30C9493C2FEE613E007129A4 /* PBXTargetDependency */,
			);
			name = 226WillowsPoint;
			productName = 226WillowsPoint;
			productReference = 300E55572FE2CAA600328220 /* 226WillowsPoint.app */;
			productType = "com.apple.product-type.application";
		};
		30C949352FEE613E007129A4 /* NotificationServiceExtension */ = {
			isa = PBXNativeTarget;
			buildConfigurationList = 30C9493F2FEE613E007129A4 /* Build configuration list for PBXNativeTarget "NotificationServiceExtension" */;
			buildPhases = (
				30C949322FEE613E007129A4 /* Sources */,
				30C949332FEE613E007129A4 /* Frameworks */,
				30C949342FEE613E007129A4 /* Resources */,
			);
			buildRules = (
			);
			dependencies = (
			);
			name = NotificationServiceExtension;
			packageProductDependencies = (
				30C949492FEE61C0007129A4 /* FirebaseMessaging */,
			);
			productName = NotificationServiceExtension;
			productReference = 30C949362FEE613E007129A4 /* NotificationServiceExtension.appex */;
			productType = "com.apple.product-type.app-extension";
		};
/* End PBXNativeTarget section */

/* Begin PBXProject section */
		300E554F2FE2CAA600328220 /* Project object */ = {
			isa = PBXProject;
			attributes = {
				BuildIndependentTargetsInParallel = 1;
				LastSwiftUpdateCheck = 2650;
				LastUpgradeCheck = 2650;
				TargetAttributes = {
					300E55562FE2CAA600328220 = {
						CreatedOnToolsVersion = 26.5;
					};
					30C949352FEE613E007129A4 = {
						CreatedOnToolsVersion = 26.5;
					};
				};
			};
			buildConfigurationList = 300E55522FE2CAA600328220 /* Build configuration list for PBXProject "226WillowsPoint" */;
			compatibilityVersion = "Xcode 15.0";
			developmentRegion = en;
			hasScannedForEncodings = 0;
			knownRegions = (
				en,
				Base,
			);
			mainGroup = 300E554E2FE2CAA600328220;
			packageReferences = (
				30C949432FEE6184007129A4 /* XCRemoteSwiftPackageReference "AppsFlyerFramework-Static" */,
				30C949462FEE61B7007129A4 /* XCRemoteSwiftPackageReference "firebase-ios-sdk" */,
			);
			productRefGroup = 300E55582FE2CAA600328220 /* Products */;
			projectDirPath = "";
			projectRoot = "";
			targets = (
				300E55562FE2CAA600328220 /* 226WillowsPoint */,
				30C949352FEE613E007129A4 /* NotificationServiceExtension */,
			);
		};
/* End PBXProject section */

/* Begin PBXResourcesBuildPhase section */
		300E55552FE2CAA600328220 /* Resources */ = {
			isa = PBXResourcesBuildPhase;
			buildActionMask = 2147483647;
			files = (
				300E58532FE3293C00328220 /* privacy_policy.md in Resources */,
				300E58542FE3293C00328220 /* Assets.xcassets in Resources */,
				30C9496D2FEE629A007129A4 /* GoogleService-Info.plist in Resources */,
				300E58562FE3293C00328220 /* LaunchScreen.storyboard in Resources */,
				300E58572FE3293C00328220 /* Main.storyboard in Resources */,
			);
			runOnlyForDeploymentPostprocessing = 0;
		};
		30C949342FEE613E007129A4 /* Resources */ = {
			isa = PBXResourcesBuildPhase;
			buildActionMask = 2147483647;
			files = (
			);
			runOnlyForDeploymentPostprocessing = 0;
		};
/* End PBXResourcesBuildPhase section */

/* Begin PBXShellScriptBuildPhase section */
		D85C954E18B0A4FF5DE0DD6B /* [CP] Check Pods Manifest.lock */ = {
			isa = PBXShellScriptBuildPhase;
			buildActionMask = 2147483647;
			files = (
			);
			inputFileListPaths = (
			);
			inputPaths = (
				"${PODS_PODFILE_DIR_PATH}/Podfile.lock",
				"${PODS_ROOT}/Manifest.lock",
			);
			name = "[CP] Check Pods Manifest.lock";
			outputFileListPaths = (
			);
			outputPaths = (
				"$(DERIVED_FILE_DIR)/Pods-226WillowsPoint-checkManifestLockResult.txt",
			);
			runOnlyForDeploymentPostprocessing = 0;
			shellPath = /bin/sh;
			shellScript = "diff \"${PODS_PODFILE_DIR_PATH}/Podfile.lock\" \"${PODS_ROOT}/Manifest.lock\" > /dev/null\nif [ $? != 0 ] ; then\n    # print error to STDERR\n    echo \"error: The sandbox is not in sync with the Podfile.lock. Run 'pod install' or update your CocoaPods installation.\" >&2\n    exit 1\nfi\n# This output is used by Xcode 'outputs' to avoid re-running this script phase.\necho \"SUCCESS\" > \"${SCRIPT_OUTPUT_FILE_0}\"\n";
			showEnvVarsInLog = 0;
		};
/* End PBXShellScriptBuildPhase section */

/* Begin PBXSourcesBuildPhase section */
		300E55532FE2CAA600328220 /* Sources */ = {
			isa = PBXSourcesBuildPhase;
			buildActionMask = 2147483647;
			files = (
				300E582C2FE3293C00328220 /* Notification+Extensions.swift in Sources */,
				300E582D2FE3293C00328220 /* Achievement.swift in Sources */,
				300E582E2FE3293C00328220 /* ActivityInfo.swift in Sources */,
				300E582F2FE3293C00328220 /* DailyChallenge.swift in Sources */,
				300E58302FE3293C00328220 /* GameDifficulty.swift in Sources */,
				300E58312FE3293C00328220 /* PathMapNode.swift in Sources */,
				300E58322FE3293C00328220 /* RuneDefinition.swift in Sources */,
				300E58332FE3293C00328220 /* AppLinks.swift in Sources */,
				300E58342FE3293C00328220 /* BackgroundPatternView.swift in Sources */,
				300E58352FE3293C00328220 /* DepthStyle.swift in Sources */,
				300E58362FE3293C00328220 /* DesignSystem.swift in Sources */,
				300E58372FE3293C00328220 /* HapticManager.swift in Sources */,
				300E58382FE3293C00328220 /* RuneSymbolView.swift in Sources */,
				300E58392FE3293C00328220 /* SoundManager.swift in Sources */,
				300E583A2FE3293C00328220 /* TabRouter.swift in Sources */,
				300E583B2FE3293C00328220 /* AppStorage.swift in Sources */,
				300E583C2FE3293C00328220 /* AchievementsView.swift in Sources */,
				300E583D2FE3293C00328220 /* RuneCodexView.swift in Sources */,
				30C949592FEE61CA007129A4 /* NetworkAvailability.swift in Sources */,
				30C9495A2FEE61CA007129A4 /* AppsFlyerManager.swift in Sources */,
				30C9495B2FEE61CA007129A4 /* LoadingManager.swift in Sources */,
				30C9495C2FEE61CA007129A4 /* NotificationPermissionView.swift in Sources */,
				30C9495D2FEE61CA007129A4 /* LoadingViewController.swift in Sources */,
				30C9495E2FEE61CA007129A4 /* NotificationPermissionManager.swift in Sources */,
				30C9495F2FEE61CA007129A4 /* NotificationPermissionViewController.swift in Sources */,
				30C949602FEE61CA007129A4 /* WebviewVC.swift in Sources */,
				30C949612FEE61CA007129A4 /* PushNotificationURLRouter.swift in Sources */,
				30C949622FEE61CA007129A4 /* NoInternetView.swift in Sources */,
				30C949632FEE61CA007129A4 /* UserAgentBuilder.swift in Sources */,
				30C949642FEE61CA007129A4 /* LoadingView.swift in Sources */,
				30C949652FEE61CA007129A4 /* ConfigManager.swift in Sources */,
				300E583E2FE3293C00328220 /* RuneRhythmQuestView.swift in Sources */,
				300E583F2FE3293C00328220 /* RuneRhythmQuestViewModel.swift in Sources */,
				300E58402FE3293C00328220 /* RuneRiverRunView.swift in Sources */,
				300E58412FE3293C00328220 /* RuneRiverRunViewModel.swift in Sources */,
				300E58422FE3293C00328220 /* RuneTrailView.swift in Sources */,
				300E58432FE3293C00328220 /* RuneTrailViewModel.swift in Sources */,
				300E58442FE3293C00328220 /* GameResultView.swift in Sources */,
				300E58452FE3293C00328220 /* GameUIComponents.swift in Sources */,
				300E58462FE3293C00328220 /* GameViewFactory.swift in Sources */,
				300E58472FE3293C00328220 /* HomeView.swift in Sources */,
				300E58482FE3293C00328220 /* MainTabView.swift in Sources */,
				300E58492FE3293C00328220 /* OnboardingView.swift in Sources */,
				300E584A2FE3293C00328220 /* PathMapView.swift in Sources */,
				300E584B2FE3293C00328220 /* LevelSelectionView.swift in Sources */,
				300E584C2FE3293C00328220 /* PlayView.swift in Sources */,
				300E584D2FE3293C00328220 /* PrivacyPolicyView.swift in Sources */,
				300E584E2FE3293C00328220 /* SettingsView.swift in Sources */,
				300E584F2FE3293C00328220 /* AppDelegate.swift in Sources */,
				300E58502FE3293C00328220 /* ContentView.swift in Sources */,
				300E58512FE3293C00328220 /* SceneDelegate.swift in Sources */,
				300E58522FE3293C00328220 /* ViewController.swift in Sources */,
			);
			runOnlyForDeploymentPostprocessing = 0;
		};
		30C949322FEE613E007129A4 /* Sources */ = {
			isa = PBXSourcesBuildPhase;
			buildActionMask = 2147483647;
			files = (
				30C9496B2FEE61FD007129A4 /* NotificationService.swift in Sources */,
			);
			runOnlyForDeploymentPostprocessing = 0;
		};
/* End PBXSourcesBuildPhase section */

/* Begin PBXTargetDependency section */
		30C9493C2FEE613E007129A4 /* PBXTargetDependency */ = {
			isa = PBXTargetDependency;
			target = 30C949352FEE613E007129A4 /* NotificationServiceExtension */;
			targetProxy = 30C9493B2FEE613E007129A4 /* PBXContainerItemProxy */;
		};
/* End PBXTargetDependency section */

/* Begin PBXVariantGroup section */
		300E58262FE3293C00328220 /* LaunchScreen.storyboard */ = {
			isa = PBXVariantGroup;
			children = (
				300E58252FE3293C00328220 /* Base */,
			);
			name = LaunchScreen.storyboard;
			sourceTree = "<group>";
		};
		300E58282FE3293C00328220 /* Main.storyboard */ = {
			isa = PBXVariantGroup;
			children = (
				300E58272FE3293C00328220 /* Base */,
			);
			name = Main.storyboard;
			sourceTree = "<group>";
		};
/* End PBXVariantGroup section */

/* Begin XCBuildConfiguration section */
		300E556B2FE2CAA900328220 /* Debug */ = {
			isa = XCBuildConfiguration;
			baseConfigurationReference = 98F860BDC88CDE7DA52358A7 /* Pods-226WillowsPoint.debug.xcconfig */;
			buildSettings = {
				ASSETCATALOG_COMPILER_APPICON_NAME = AppIcon;
				ASSETCATALOG_COMPILER_GLOBAL_ACCENT_COLOR_NAME = AccentColor;
				CODE_SIGN_ENTITLEMENTS = 226WillowsPoint/226WillowsPoint.entitlements;
				CODE_SIGN_STYLE = Automatic;
				CURRENT_PROJECT_VERSION = 1;
				GENERATE_INFOPLIST_FILE = YES;
				INFOPLIST_FILE = 226WillowsPoint/Info.plist;
				INFOPLIST_KEY_CFBundleDisplayName = "Willows Point";
				INFOPLIST_KEY_ITSAppUsesNonExemptEncryption = NO;
				INFOPLIST_KEY_LSApplicationCategoryType = "public.app-category.action-games";
				INFOPLIST_KEY_UIApplicationSupportsIndirectInputEvents = YES;
				INFOPLIST_KEY_UILaunchStoryboardName = LaunchScreen;
				INFOPLIST_KEY_UIMainStoryboardFile = Main;
				INFOPLIST_KEY_UIStatusBarStyle = UIStatusBarStyleLightContent;
				INFOPLIST_KEY_UISupportedInterfaceOrientations_iPad = "UIInterfaceOrientationPortrait UIInterfaceOrientationPortraitUpsideDown UIInterfaceOrientationLandscapeLeft UIInterfaceOrientationLandscapeRight";
				INFOPLIST_KEY_UISupportedInterfaceOrientations_iPhone = "UIInterfaceOrientationPortrait UIInterfaceOrientationLandscapeLeft UIInterfaceOrientationLandscapeRight";
				IPHONEOS_DEPLOYMENT_TARGET = 16.6;
				LD_RUNPATH_SEARCH_PATHS = (
					"$(inherited)",
					"@executable_path/Frameworks",
				);
				MARKETING_VERSION = 1.1;
				PRODUCT_BUNDLE_IDENTIFIER = com.jes.w1ll0wp01nt;
				PRODUCT_NAME = "$(TARGET_NAME)";
				STRING_CATALOG_GENERATE_SYMBOLS = YES;
				SUPPORTED_PLATFORMS = "iphoneos iphonesimulator";
				SUPPORTS_MACCATALYST = NO;
				SUPPORTS_MAC_DESIGNED_FOR_IPHONE_IPAD = NO;
				SUPPORTS_XR_DESIGNED_FOR_IPHONE_IPAD = NO;
				SWIFT_APPROACHABLE_CONCURRENCY = YES;
				SWIFT_DEFAULT_ACTOR_ISOLATION = MainActor;
				SWIFT_EMIT_LOC_STRINGS = YES;
				SWIFT_UPCOMING_FEATURE_MEMBER_IMPORT_VISIBILITY = YES;
				SWIFT_VERSION = 5.0;
				TARGETED_DEVICE_FAMILY = 1;
			};
			name = Debug;
		};
		300E556C2FE2CAA900328220 /* Release */ = {
			isa = XCBuildConfiguration;
			baseConfigurationReference = DCB64FFA5BDF5C2398BD12DB /* Pods-226WillowsPoint.release.xcconfig */;
			buildSettings = {
				ASSETCATALOG_COMPILER_APPICON_NAME = AppIcon;
				ASSETCATALOG_COMPILER_GLOBAL_ACCENT_COLOR_NAME = AccentColor;
				CODE_SIGN_ENTITLEMENTS = 226WillowsPoint/226WillowsPoint.entitlements;
				CODE_SIGN_STYLE = Automatic;
				CURRENT_PROJECT_VERSION = 1;
				GENERATE_INFOPLIST_FILE = YES;
				INFOPLIST_FILE = 226WillowsPoint/Info.plist;
				INFOPLIST_KEY_CFBundleDisplayName = "Willows Point";
				INFOPLIST_KEY_ITSAppUsesNonExemptEncryption = NO;
				INFOPLIST_KEY_LSApplicationCategoryType = "public.app-category.action-games";
				INFOPLIST_KEY_UIApplicationSupportsIndirectInputEvents = YES;
				INFOPLIST_KEY_UILaunchStoryboardName = LaunchScreen;
				INFOPLIST_KEY_UIMainStoryboardFile = Main;
				INFOPLIST_KEY_UIStatusBarStyle = UIStatusBarStyleLightContent;
				INFOPLIST_KEY_UISupportedInterfaceOrientations_iPad = "UIInterfaceOrientationPortrait UIInterfaceOrientationPortraitUpsideDown UIInterfaceOrientationLandscapeLeft UIInterfaceOrientationLandscapeRight";
				INFOPLIST_KEY_UISupportedInterfaceOrientations_iPhone = "UIInterfaceOrientationPortrait UIInterfaceOrientationLandscapeLeft UIInterfaceOrientationLandscapeRight";
				IPHONEOS_DEPLOYMENT_TARGET = 16.6;
				LD_RUNPATH_SEARCH_PATHS = (
					"$(inherited)",
					"@executable_path/Frameworks",
				);
				MARKETING_VERSION = 1.1;
				PRODUCT_BUNDLE_IDENTIFIER = com.jes.w1ll0wp01nt;
				PRODUCT_NAME = "$(TARGET_NAME)";
				STRING_CATALOG_GENERATE_SYMBOLS = YES;
				SUPPORTED_PLATFORMS = "iphoneos iphonesimulator";
				SUPPORTS_MACCATALYST = NO;
				SUPPORTS_MAC_DESIGNED_FOR_IPHONE_IPAD = NO;
				SUPPORTS_XR_DESIGNED_FOR_IPHONE_IPAD = NO;
				SWIFT_APPROACHABLE_CONCURRENCY = YES;
				SWIFT_DEFAULT_ACTOR_ISOLATION = MainActor;
				SWIFT_EMIT_LOC_STRINGS = YES;
				SWIFT_UPCOMING_FEATURE_MEMBER_IMPORT_VISIBILITY = YES;
				SWIFT_VERSION = 5.0;
				TARGETED_DEVICE_FAMILY = 1;
			};
			name = Release;
		};
		300E556D2FE2CAA900328220 /* Debug */ = {
			isa = XCBuildConfiguration;
			buildSettings = {
				ALWAYS_SEARCH_USER_PATHS = NO;
				ASSETCATALOG_COMPILER_GENERATE_SWIFT_ASSET_SYMBOL_EXTENSIONS = YES;
				CLANG_ANALYZER_NONNULL = YES;
				CLANG_ANALYZER_NUMBER_OBJECT_CONVERSION = YES_AGGRESSIVE;
				CLANG_CXX_LANGUAGE_STANDARD = "gnu++20";
				CLANG_ENABLE_MODULES = YES;
				CLANG_ENABLE_OBJC_ARC = YES;
				CLANG_ENABLE_OBJC_WEAK = YES;
				CLANG_WARN_BLOCK_CAPTURE_AUTORELEASING = YES;
				CLANG_WARN_BOOL_CONVERSION = YES;
				CLANG_WARN_COMMA = YES;
				CLANG_WARN_CONSTANT_CONVERSION = YES;
				CLANG_WARN_DEPRECATED_OBJC_IMPLEMENTATIONS = YES;
				CLANG_WARN_DIRECT_OBJC_ISA_USAGE = YES_ERROR;
				CLANG_WARN_DOCUMENTATION_COMMENTS = YES;
				CLANG_WARN_EMPTY_BODY = YES;
				CLANG_WARN_ENUM_CONVERSION = YES;
				CLANG_WARN_INFINITE_RECURSION = YES;
				CLANG_WARN_INT_CONVERSION = YES;
				CLANG_WARN_NON_LITERAL_NULL_CONVERSION = YES;
				CLANG_WARN_OBJC_IMPLICIT_RETAIN_SELF = YES;
				CLANG_WARN_OBJC_LITERAL_CONVERSION = YES;
				CLANG_WARN_OBJC_ROOT_CLASS = YES_ERROR;
				CLANG_WARN_QUOTED_INCLUDE_IN_FRAMEWORK_HEADER = YES;
				CLANG_WARN_RANGE_LOOP_ANALYSIS = YES;
				CLANG_WARN_STRICT_PROTOTYPES = YES;
				CLANG_WARN_SUSPICIOUS_MOVE = YES;
				CLANG_WARN_UNGUARDED_AVAILABILITY = YES_AGGRESSIVE;
				CLANG_WARN_UNREACHABLE_CODE = YES;
				CLANG_WARN__DUPLICATE_METHOD_MATCH = YES;
				COPY_PHASE_STRIP = NO;
				DEBUG_INFORMATION_FORMAT = dwarf;
				ENABLE_STRICT_OBJC_MSGSEND = YES;
				ENABLE_TESTABILITY = YES;
				ENABLE_USER_SCRIPT_SANDBOXING = YES;
				GCC_C_LANGUAGE_STANDARD = gnu17;
				GCC_DYNAMIC_NO_PIC = NO;
				GCC_NO_COMMON_BLOCKS = YES;
				GCC_OPTIMIZATION_LEVEL = 0;
				GCC_PREPROCESSOR_DEFINITIONS = (
					"DEBUG=1",
					"$(inherited)",
				);
				GCC_WARN_64_TO_32_BIT_CONVERSION = YES;
				GCC_WARN_ABOUT_RETURN_TYPE = YES_ERROR;
				GCC_WARN_UNDECLARED_SELECTOR = YES;
				GCC_WARN_UNINITIALIZED_AUTOS = YES_AGGRESSIVE;
				GCC_WARN_UNUSED_FUNCTION = YES;
				GCC_WARN_UNUSED_VARIABLE = YES;
				IPHONEOS_DEPLOYMENT_TARGET = 26.5;
				LOCALIZATION_PREFERS_STRING_CATALOGS = YES;
				MTL_ENABLE_DEBUG_INFO = INCLUDE_SOURCE;
				MTL_FAST_MATH = YES;
				ONLY_ACTIVE_ARCH = YES;
				SDKROOT = iphoneos;
				SWIFT_ACTIVE_COMPILATION_CONDITIONS = "DEBUG $(inherited)";
				SWIFT_OPTIMIZATION_LEVEL = "-Onone";
			};
			name = Debug;
		};
		300E556E2FE2CAA900328220 /* Release */ = {
			isa = XCBuildConfiguration;
			buildSettings = {
				ALWAYS_SEARCH_USER_PATHS = NO;
				ASSETCATALOG_COMPILER_GENERATE_SWIFT_ASSET_SYMBOL_EXTENSIONS = YES;
				CLANG_ANALYZER_NONNULL = YES;
				CLANG_ANALYZER_NUMBER_OBJECT_CONVERSION = YES_AGGRESSIVE;
				CLANG_CXX_LANGUAGE_STANDARD = "gnu++20";
				CLANG_ENABLE_MODULES = YES;
				CLANG_ENABLE_OBJC_ARC = YES;
				CLANG_ENABLE_OBJC_WEAK = YES;
				CLANG_WARN_BLOCK_CAPTURE_AUTORELEASING = YES;
				CLANG_WARN_BOOL_CONVERSION = YES;
				CLANG_WARN_COMMA = YES;
				CLANG_WARN_CONSTANT_CONVERSION = YES;
				CLANG_WARN_DEPRECATED_OBJC_IMPLEMENTATIONS = YES;
				CLANG_WARN_DIRECT_OBJC_ISA_USAGE = YES_ERROR;
				CLANG_WARN_DOCUMENTATION_COMMENTS = YES;
				CLANG_WARN_EMPTY_BODY = YES;
				CLANG_WARN_ENUM_CONVERSION = YES;
				CLANG_WARN_INFINITE_RECURSION = YES;
				CLANG_WARN_INT_CONVERSION = YES;
				CLANG_WARN_NON_LITERAL_NULL_CONVERSION = YES;
				CLANG_WARN_OBJC_IMPLICIT_RETAIN_SELF = YES;
				CLANG_WARN_OBJC_LITERAL_CONVERSION = YES;
				CLANG_WARN_OBJC_ROOT_CLASS = YES_ERROR;
				CLANG_WARN_QUOTED_INCLUDE_IN_FRAMEWORK_HEADER = YES;
				CLANG_WARN_RANGE_LOOP_ANALYSIS = YES;
				CLANG_WARN_STRICT_PROTOTYPES = YES;
				CLANG_WARN_SUSPICIOUS_MOVE = YES;
				CLANG_WARN_UNGUARDED_AVAILABILITY = YES_AGGRESSIVE;
				CLANG_WARN_UNREACHABLE_CODE = YES;
				CLANG_WARN__DUPLICATE_METHOD_MATCH = YES;
				COPY_PHASE_STRIP = NO;
				DEBUG_INFORMATION_FORMAT = "dwarf-with-dsym";
				ENABLE_NS_ASSERTIONS = NO;
				ENABLE_STRICT_OBJC_MSGSEND = YES;
				ENABLE_USER_SCRIPT_SANDBOXING = YES;
				GCC_C_LANGUAGE_STANDARD = gnu17;
				GCC_NO_COMMON_BLOCKS = YES;
				GCC_WARN_64_TO_32_BIT_CONVERSION = YES;
				GCC_WARN_ABOUT_RETURN_TYPE = YES_ERROR;
				GCC_WARN_UNDECLARED_SELECTOR = YES;
				GCC_WARN_UNINITIALIZED_AUTOS = YES_AGGRESSIVE;
				GCC_WARN_UNUSED_FUNCTION = YES;
				GCC_WARN_UNUSED_VARIABLE = YES;
				IPHONEOS_DEPLOYMENT_TARGET = 26.5;
				LOCALIZATION_PREFERS_STRING_CATALOGS = YES;
				MTL_ENABLE_DEBUG_INFO = NO;
				MTL_FAST_MATH = YES;
				SDKROOT = iphoneos;
				SWIFT_COMPILATION_MODE = wholemodule;
				VALIDATE_PRODUCT = YES;
			};
			name = Release;
		};
		30C949402FEE613E007129A4 /* Debug */ = {
			isa = XCBuildConfiguration;
			buildSettings = {
				CODE_SIGN_STYLE = Automatic;
				CURRENT_PROJECT_VERSION = 1;
				GENERATE_INFOPLIST_FILE = YES;
				INFOPLIST_FILE = NotificationServiceExtension/Info.plist;
				INFOPLIST_KEY_CFBundleDisplayName = NotificationServiceExtension;
				INFOPLIST_KEY_NSHumanReadableCopyright = "";
				IPHONEOS_DEPLOYMENT_TARGET = 16.6;
				LD_RUNPATH_SEARCH_PATHS = (
					"$(inherited)",
					"@executable_path/Frameworks",
					"@executable_path/../../Frameworks",
				);
				MARKETING_VERSION = 1.1;
				PRODUCT_BUNDLE_IDENTIFIER = com.jes.w1ll0wp01nt.NotificationServiceExtension;
				PRODUCT_NAME = "$(TARGET_NAME)";
				SKIP_INSTALL = YES;
				STRING_CATALOG_GENERATE_SYMBOLS = YES;
				SUPPORTED_PLATFORMS = "iphoneos iphonesimulator";
				SUPPORTS_MACCATALYST = NO;
				SUPPORTS_MAC_DESIGNED_FOR_IPHONE_IPAD = NO;
				SUPPORTS_XR_DESIGNED_FOR_IPHONE_IPAD = NO;
				SWIFT_APPROACHABLE_CONCURRENCY = YES;
				SWIFT_EMIT_LOC_STRINGS = YES;
				SWIFT_UPCOMING_FEATURE_MEMBER_IMPORT_VISIBILITY = YES;
				SWIFT_VERSION = 5.0;
				TARGETED_DEVICE_FAMILY = 1;
			};
			name = Debug;
		};
		30C949412FEE613E007129A4 /* Release */ = {
			isa = XCBuildConfiguration;
			buildSettings = {
				CODE_SIGN_STYLE = Automatic;
				CURRENT_PROJECT_VERSION = 1;
				GENERATE_INFOPLIST_FILE = YES;
				INFOPLIST_FILE = NotificationServiceExtension/Info.plist;
				INFOPLIST_KEY_CFBundleDisplayName = NotificationServiceExtension;
				INFOPLIST_KEY_NSHumanReadableCopyright = "";
				IPHONEOS_DEPLOYMENT_TARGET = 16.6;
				LD_RUNPATH_SEARCH_PATHS = (
					"$(inherited)",
					"@executable_path/Frameworks",
					"@executable_path/../../Frameworks",
				);
				MARKETING_VERSION = 1.1;
				PRODUCT_BUNDLE_IDENTIFIER = com.jes.w1ll0wp01nt.NotificationServiceExtension;
				PRODUCT_NAME = "$(TARGET_NAME)";
				SKIP_INSTALL = YES;
				STRING_CATALOG_GENERATE_SYMBOLS = YES;
				SUPPORTED_PLATFORMS = "iphoneos iphonesimulator";
				SUPPORTS_MACCATALYST = NO;
				SUPPORTS_MAC_DESIGNED_FOR_IPHONE_IPAD = NO;
				SUPPORTS_XR_DESIGNED_FOR_IPHONE_IPAD = NO;
				SWIFT_APPROACHABLE_CONCURRENCY = YES;
				SWIFT_EMIT_LOC_STRINGS = YES;
				SWIFT_UPCOMING_FEATURE_MEMBER_IMPORT_VISIBILITY = YES;
				SWIFT_VERSION = 5.0;
				TARGETED_DEVICE_FAMILY = 1;
			};
			name = Release;
		};
/* End XCBuildConfiguration section */

/* Begin XCConfigurationList section */
		300E55522FE2CAA600328220 /* Build configuration list for PBXProject "226WillowsPoint" */ = {
			isa = XCConfigurationList;
			buildConfigurations = (
				300E556D2FE2CAA900328220 /* Debug */,
				300E556E2FE2CAA900328220 /* Release */,
			);
			defaultConfigurationIsVisible = 0;
			defaultConfigurationName = Release;
		};
		300E556A2FE2CAA900328220 /* Build configuration list for PBXNativeTarget "226WillowsPoint" */ = {
			isa = XCConfigurationList;
			buildConfigurations = (
				300E556B2FE2CAA900328220 /* Debug */,
				300E556C2FE2CAA900328220 /* Release */,
			);
			defaultConfigurationIsVisible = 0;
			defaultConfigurationName = Release;
		};
		30C9493F2FEE613E007129A4 /* Build configuration list for PBXNativeTarget "NotificationServiceExtension" */ = {
			isa = XCConfigurationList;
			buildConfigurations = (
				30C949402FEE613E007129A4 /* Debug */,
				30C949412FEE613E007129A4 /* Release */,
			);
			defaultConfigurationIsVisible = 0;
			defaultConfigurationName = Release;
		};
/* End XCConfigurationList section */

/* Begin XCRemoteSwiftPackageReference section */
		30C949432FEE6184007129A4 /* XCRemoteSwiftPackageReference "AppsFlyerFramework-Static" */ = {
			isa = XCRemoteSwiftPackageReference;
			repositoryURL = "https://github.com/AppsFlyerSDK/AppsFlyerFramework-Static";
			requirement = {
				kind = upToNextMajorVersion;
				minimumVersion = 6.0.0;
			};
		};
		30C949462FEE61B7007129A4 /* XCRemoteSwiftPackageReference "firebase-ios-sdk" */ = {
			isa = XCRemoteSwiftPackageReference;
			repositoryURL = "https://github.com/firebase/firebase-ios-sdk";
			requirement = {
				kind = upToNextMajorVersion;
				minimumVersion = 12.15.0;
			};
		};
/* End XCRemoteSwiftPackageReference section */

/* Begin XCSwiftPackageProductDependency section */
		30C949442FEE6184007129A4 /* AppsFlyerLib-Static */ = {
			isa = XCSwiftPackageProductDependency;
			package = 30C949432FEE6184007129A4 /* XCRemoteSwiftPackageReference "AppsFlyerFramework-Static" */;
			productName = "AppsFlyerLib-Static";
		};
		30C949472FEE61B7007129A4 /* FirebaseMessaging */ = {
			isa = XCSwiftPackageProductDependency;
			package = 30C949462FEE61B7007129A4 /* XCRemoteSwiftPackageReference "firebase-ios-sdk" */;
			productName = FirebaseMessaging;
		};
		30C949492FEE61C0007129A4 /* FirebaseMessaging */ = {
			isa = XCSwiftPackageProductDependency;
			package = 30C949462FEE61B7007129A4 /* XCRemoteSwiftPackageReference "firebase-ios-sdk" */;
			productName = FirebaseMessaging;
		};
/* End XCSwiftPackageProductDependency section */
	};
	rootObject = 300E554F2FE2CAA600328220 /* Project object */;
}
